
Microsoft Visual Studio Solution File, Format Version 12.00
# Visual Studio Version 17
VisualStudioVersion = 17.5.33502.453
MinimumVisualStudioVersion = 10.0.40219.1
Project("{9A19103F-16F7-4668-BE54-9A1E7A4F7556}") = "Visio2023Foundry", "Visio2023Foundry.csproj", "{B88E31CD-3F43-49C2-9983-AF98196143A0}"
EndProject
Global
	GlobalSection(SolutionConfigurationPlatforms) = preSolution
		Debug|Any CPU = Debug|Any CPU
		Release|Any CPU = Release|Any CPU
	EndGlobalSection
	GlobalSection(ProjectConfigurationPlatforms) = postSolution
		{B88E31CD-3F43-49C2-9983-AF98196143A0}.Debug|Any CPU.ActiveCfg = Debug|Any CPU
		{B88E31CD-3F43-49C2-9983-AF98196143A0}.Debug|Any CPU.Build.0 = Debug|Any CPU
		{B88E31CD-3F43-49C2-9983-AF98196143A0}.Release|Any CPU.ActiveCfg = Release|Any CPU
		{B88E31CD-3F43-49C2-9983-AF98196143A0}.Release|Any CPU.Build.0 = Release|Any CPU
		{48096EAB-9DFD-417C-934D-4626481E3BE6}.Debug|Any CPU.ActiveCfg = Debug|Any CPU
		{48096EAB-9DFD-417C-934D-4626481E3BE6}.Debug|Any CPU.Build.0 = Debug|Any CPU
		{48096EAB-9DFD-417C-934D-4626481E3BE6}.Release|Any CPU.ActiveCfg = Release|Any CPU
		{48096EAB-9DFD-417C-934D-4626481E3BE6}.Release|Any CPU.Build.0 = Release|Any CPU
		{1E74533C-7083-4EC5-808B-826959E1DDB9}.Debug|Any CPU.ActiveCfg = Debug|Any CPU
		{1E74533C-7083-4EC5-808B-826959E1DDB9}.Debug|Any CPU.Build.0 = Debug|Any CPU
		{1E74533C-7083-4EC5-808B-826959E1DDB9}.Release|Any CPU.ActiveCfg = Release|Any CPU
		{1E74533C-7083-4EC5-808B-826959E1DDB9}.Release|Any CPU.Build.0 = Release|Any CPU
		{F74979E0-99FC-4118-9ED9-9F2F59ED7C4F}.Debug|Any CPU.ActiveCfg = Debug|Any CPU
		{F74979E0-99FC-4118-9ED9-9F2F59ED7C4F}.Debug|Any CPU.Build.0 = Debug|Any CPU
		{F74979E0-99FC-4118-9ED9-9F2F59ED7C4F}.Release|Any CPU.ActiveCfg = Release|Any CPU
		{F74979E0-99FC-4118-9ED9-9F2F59ED7C4F}.Release|Any CPU.Build.0 = Release|Any CPU
	EndGlobalSection
	GlobalSection(SolutionProperties) = preSolution
		HideSolutionNode = FALSE
	EndGlobalSection
	GlobalSection(NestedProjects) = preSolution
		{1E74533C-7083-4EC5-808B-826959E1DDB9} = {2C378224-5CDD-400B-BB97-612EDEB60848}
	EndGlobalSection
	GlobalSection(ExtensibilityGlobals) = postSolution
		SolutionGuid = {4C620C9D-C539-43AB-B2A3-D1260F3ADE19}
	EndGlobalSection
EndGlobal
