
Microsoft Visual Studio Solution File, Format Version 12.00
# Visual Studio Version 17
VisualStudioVersion = 17.5.33502.453
MinimumVisualStudioVersion = 10.0.40219.1
Project("{9A19103F-16F7-4668-BE54-9A1E7A4F7556}") = "Visio2023Foundry", "Visio2023Foundry.csproj", "{B88E31CD-3F43-49C2-9983-AF98196143A0}"
EndProject
Project("{9A19103F-16F7-4668-BE54-9A1E7A4F7556}") = "IoBTMessageLibrary", "..\..\Core\IoBTMessageLibrary\IoBTMessageLibrary.csproj", "{C2D2FBC5-622C-432D-A394-12343BCA3730}"
EndProject
Project("{9A19103F-16F7-4668-BE54-9A1E7A4F7556}") = "BlazorThreeJS", "..\..\Core\BlazorThreeJS\BlazorThreeJS.csproj", "{68E931DD-3C7C-4DCF-B552-3C9DCCE50B52}"
EndProject
Project("{9A19103F-16F7-4668-BE54-9A1E7A4F7556}") = "FoundryBlazor", "..\..\Core\FoundryBlazor\FoundryBlazor.csproj", "{A92E8DE0-6E18-42FD-9457-F6C1A2A29C5D}"
EndProject
Project("{9A19103F-16F7-4668-BE54-9A1E7A4F7556}") = "FoundryRulesAndUnits", "..\..\Core\FoundryRulesAndUnits\FoundryRulesAndUnits.csproj", "{C334A982-F6D5-42BF-A23F-046ABBCC416A}"
EndProject
Global
	GlobalSection(SolutionConfigurationPlatforms) = preSolution
		Debug|Any CPU = Debug|Any CPU
		Release|Any CPU = Release|Any CPU
	EndGlobalSection
	GlobalSection(ProjectConfigurationPlatforms) = postSolution
		{B88E31CD-3F43-49C2-9983-AF98196143A0}.Debug|Any CPU.ActiveCfg = Debug|Any CPU
		{B88E31CD-3F43-49C2-9983-AF98196143A0}.Debug|Any CPU.Build.0 = Debug|Any CPU
		{B88E31CD-3F43-49C2-9983-AF98196143A0}.Release|Any CPU.ActiveCfg = Release|Any CPU
		{B88E31CD-3F43-49C2-9983-AF98196143A0}.Release|Any CPU.Build.0 = Release|Any CPU
		{C2D2FBC5-622C-432D-A394-12343BCA3730}.Debug|Any CPU.ActiveCfg = Debug|Any CPU
		{C2D2FBC5-622C-432D-A394-12343BCA3730}.Debug|Any CPU.Build.0 = Debug|Any CPU
		{C2D2FBC5-622C-432D-A394-12343BCA3730}.Release|Any CPU.ActiveCfg = Release|Any CPU
		{C2D2FBC5-622C-432D-A394-12343BCA3730}.Release|Any CPU.Build.0 = Release|Any CPU
		{68E931DD-3C7C-4DCF-B552-3C9DCCE50B52}.Debug|Any CPU.ActiveCfg = Debug|Any CPU
		{68E931DD-3C7C-4DCF-B552-3C9DCCE50B52}.Debug|Any CPU.Build.0 = Debug|Any CPU
		{68E931DD-3C7C-4DCF-B552-3C9DCCE50B52}.Release|Any CPU.ActiveCfg = Release|Any CPU
		{68E931DD-3C7C-4DCF-B552-3C9DCCE50B52}.Release|Any CPU.Build.0 = Release|Any CPU
		{A92E8DE0-6E18-42FD-9457-F6C1A2A29C5D}.Debug|Any CPU.ActiveCfg = Debug|Any CPU
		{A92E8DE0-6E18-42FD-9457-F6C1A2A29C5D}.Debug|Any CPU.Build.0 = Debug|Any CPU
		{A92E8DE0-6E18-42FD-9457-F6C1A2A29C5D}.Release|Any CPU.ActiveCfg = Release|Any CPU
		{A92E8DE0-6E18-42FD-9457-F6C1A2A29C5D}.Release|Any CPU.Build.0 = Release|Any CPU
		{C334A982-F6D5-42BF-A23F-046ABBCC416A}.Debug|Any CPU.ActiveCfg = Debug|Any CPU
		{C334A982-F6D5-42BF-A23F-046ABBCC416A}.Debug|Any CPU.Build.0 = Debug|Any CPU
		{C334A982-F6D5-42BF-A23F-046ABBCC416A}.Release|Any CPU.ActiveCfg = Release|Any CPU
		{C334A982-F6D5-42BF-A23F-046ABBCC416A}.Release|Any CPU.Build.0 = Release|Any CPU
	EndGlobalSection
	GlobalSection(SolutionProperties) = preSolution
		HideSolutionNode = FALSE
	EndGlobalSection
	GlobalSection(ExtensibilityGlobals) = postSolution
		SolutionGuid = {4C620C9D-C539-43AB-B2A3-D1260F3ADE19}
	EndGlobalSection
EndGlobal
